
Microsoft Visual Studio Solution File, Format Version 12.00
# Visual Studio 14
VisualStudioVersion = 14.0.25420.1
MinimumVisualStudioVersion = 10.0.40219.1
Project("{FAE04EC0-301F-11D3-BF4B-00C04F79EFBC}") = "TAGO_Presentacion", "TAGO_Presentacion\TAGO_Presentacion.csproj", "{CFB72398-5048-472E-9858-B166C0DB3BEF}"
	ProjectSection(ProjectDependencies) = postProject
		{6AD4603E-677A-48B9-84BA-847333DD0E4B} = {6AD4603E-677A-48B9-84BA-847333DD0E4B}
		{FE016D82-B23B-4E8B-A54F-E7AEAF8BD088} = {FE016D82-B23B-4E8B-A54F-E7AEAF8BD088}
	EndProjectSection
EndProject
Project("{FAE04EC0-301F-11D3-BF4B-00C04F79EFBC}") = "TAGO_Servicios", "TAGO_Servicios\TAGO_Servicios.csproj", "{FE016D82-B23B-4E8B-A54F-E7AEAF8BD088}"
EndProject
Project("{FAE04EC0-301F-11D3-BF4B-00C04F79EFBC}") = "TAGO_Pruebas", "TAGO_Pruebas\TAGO_Pruebas.csproj", "{2327C59F-434B-4753-9E05-64F9E69492FB}"
	ProjectSection(ProjectDependencies) = postProject
		{FE016D82-B23B-4E8B-A54F-E7AEAF8BD088} = {FE016D82-B23B-4E8B-A54F-E7AEAF8BD088}
	EndProjectSection
EndProject
Project("{FAE04EC0-301F-11D3-BF4B-00C04F79EFBC}") = "TAGO_VISANET", "TAGO_VISANET\TAGO_VISANET.csproj", "{6AD4603E-677A-48B9-84BA-847333DD0E4B}"
EndProject
Project("{2150E333-8FDC-42A3-9474-1A3956D46DE8}") = "Solution Items", "Solution Items", "{9025DAB0-CFDA-49EE-BA4E-FE1BB7BBD39F}"
	ProjectSection(SolutionItems) = preProject
		Archivos\DB_VISA.sql = Archivos\DB_VISA.sql
	EndProjectSection
EndProject
Project("{FAE04EC0-301F-11D3-BF4B-00C04F79EFBC}") = "TAGO_Externo", "TAGO_Externo\TAGO_Externo.csproj", "{23151ED3-5723-4A40-B6E2-9EC6024071B4}"
EndProject
Global
	GlobalSection(SolutionConfigurationPlatforms) = preSolution
		Debug|Any CPU = Debug|Any CPU
		Release|Any CPU = Release|Any CPU
	EndGlobalSection
	GlobalSection(ProjectConfigurationPlatforms) = postSolution
		{CFB72398-5048-472E-9858-B166C0DB3BEF}.Debug|Any CPU.ActiveCfg = Debug|Any CPU
		{CFB72398-5048-472E-9858-B166C0DB3BEF}.Debug|Any CPU.Build.0 = Debug|Any CPU
		{CFB72398-5048-472E-9858-B166C0DB3BEF}.Release|Any CPU.ActiveCfg = Release|Any CPU
		{CFB72398-5048-472E-9858-B166C0DB3BEF}.Release|Any CPU.Build.0 = Release|Any CPU
		{FE016D82-B23B-4E8B-A54F-E7AEAF8BD088}.Debug|Any CPU.ActiveCfg = Debug|Any CPU
		{FE016D82-B23B-4E8B-A54F-E7AEAF8BD088}.Debug|Any CPU.Build.0 = Debug|Any CPU
		{FE016D82-B23B-4E8B-A54F-E7AEAF8BD088}.Release|Any CPU.ActiveCfg = Release|Any CPU
		{FE016D82-B23B-4E8B-A54F-E7AEAF8BD088}.Release|Any CPU.Build.0 = Release|Any CPU
		{2327C59F-434B-4753-9E05-64F9E69492FB}.Debug|Any CPU.ActiveCfg = Debug|Any CPU
		{2327C59F-434B-4753-9E05-64F9E69492FB}.Debug|Any CPU.Build.0 = Debug|Any CPU
		{2327C59F-434B-4753-9E05-64F9E69492FB}.Release|Any CPU.ActiveCfg = Release|Any CPU
		{2327C59F-434B-4753-9E05-64F9E69492FB}.Release|Any CPU.Build.0 = Release|Any CPU
		{6AD4603E-677A-48B9-84BA-847333DD0E4B}.Debug|Any CPU.ActiveCfg = Debug|Any CPU
		{6AD4603E-677A-48B9-84BA-847333DD0E4B}.Debug|Any CPU.Build.0 = Debug|Any CPU
		{6AD4603E-677A-48B9-84BA-847333DD0E4B}.Release|Any CPU.ActiveCfg = Release|Any CPU
		{6AD4603E-677A-48B9-84BA-847333DD0E4B}.Release|Any CPU.Build.0 = Release|Any CPU
		{23151ED3-5723-4A40-B6E2-9EC6024071B4}.Debug|Any CPU.ActiveCfg = Debug|Any CPU
		{23151ED3-5723-4A40-B6E2-9EC6024071B4}.Debug|Any CPU.Build.0 = Debug|Any CPU
		{23151ED3-5723-4A40-B6E2-9EC6024071B4}.Release|Any CPU.ActiveCfg = Release|Any CPU
		{23151ED3-5723-4A40-B6E2-9EC6024071B4}.Release|Any CPU.Build.0 = Release|Any CPU
	EndGlobalSection
	GlobalSection(SolutionProperties) = preSolution
		HideSolutionNode = FALSE
	EndGlobalSection
EndGlobal
